// !$*UTF8*$!
{
	archiveVersion = 1;
	classes = {
	};
	objectVersion = 46;
	objects = {

/* Begin PBXBuildFile section */
		642146FE1BE84C0600C6EEAA /* ThinningProcess.cpp in Sources */ = {isa = PBXBuildFile; fileRef = 642146FC1BE84C0600C6EEAA /* ThinningProcess.cpp */; settings = {ASSET_TAGS = (); }; };
		642147001BE8CD7E00C6EEAA /* Cocoa.framework in Frameworks */ = {isa = PBXBuildFile; fileRef = 642146FF1BE8CD7E00C6EEAA /* Cocoa.framework */; };
		642147021BE8CD8800C6EEAA /* GLUT.framework in Frameworks */ = {isa = PBXBuildFile; fileRef = 642147011BE8CD8800C6EEAA /* GLUT.framework */; };
		642147041BE8CEB200C6EEAA /* OpenGL.framework in Frameworks */ = {isa = PBXBuildFile; fileRef = 642147031BE8CEB200C6EEAA /* OpenGL.framework */; };
		642147441BEF154800C6EEAA /* MlddleLineProcess.cpp in Sources */ = {isa = PBXBuildFile; fileRef = 642147421BEF154800C6EEAA /* MlddleLineProcess.cpp */; settings = {ASSET_TAGS = (); }; };
		642C76261C463F970041A426 /* Demo.cpp in Sources */ = {isa = PBXBuildFile; fileRef = 642C76241C463F970041A426 /* Demo.cpp */; settings = {ASSET_TAGS = (); }; };
		6435CBE81BDDC6F300B4076B /* FitCurve.cpp in Sources */ = {isa = PBXBuildFile; fileRef = 6435CBE61BDDC6F300B4076B /* FitCurve.cpp */; settings = {ASSET_TAGS = (); }; };
		6435CBEC1BDDC73400B4076B /* ImgProcess.cpp in Sources */ = {isa = PBXBuildFile; fileRef = 6435CBEA1BDDC73400B4076B /* ImgProcess.cpp */; settings = {ASSET_TAGS = (); }; };
		64803D461BCB84F9007FF94B /* main.cpp in Sources */ = {isa = PBXBuildFile; fileRef = 64803D451BCB84F9007FF94B /* main.cpp */; };
		64A59D141C43735B008E8CFE /* ImageProcess.cpp in Sources */ = {isa = PBXBuildFile; fileRef = 64A59D121C43735B008E8CFE /* ImageProcess.cpp */; settings = {ASSET_TAGS = (); }; };
		64B679DB1C43BC2F00EFFD18 /* EdgeDetection.cpp in Sources */ = {isa = PBXBuildFile; fileRef = 64B679D91C43BC2F00EFFD18 /* EdgeDetection.cpp */; settings = {ASSET_TAGS = (); }; };
/* End PBXBuildFile section */

/* Begin PBXCopyFilesBuildPhase section */
		64803D401BCB84F9007FF94B /* CopyFiles */ = {
			isa = PBXCopyFilesBuildPhase;
			buildActionMask = 2147483647;
			dstPath = /usr/share/man/man1/;
			dstSubfolderSpec = 0;
			files = (
			);
			runOnlyForDeploymentPostprocessing = 1;
		};
/* End PBXCopyFilesBuildPhase section */

/* Begin PBXFileReference section */
		642146FC1BE84C0600C6EEAA /* ThinningProcess.cpp */ = {isa = PBXFileReference; fileEncoding = 4; lastKnownFileType = sourcecode.cpp.cpp; path = ThinningProcess.cpp; sourceTree = "<group>"; };
		642146FD1BE84C0600C6EEAA /* ThinningProcess.hpp */ = {isa = PBXFileReference; fileEncoding = 4; lastKnownFileType = sourcecode.cpp.h; path = ThinningProcess.hpp; sourceTree = "<group>"; };
		642146FF1BE8CD7E00C6EEAA /* Cocoa.framework */ = {isa = PBXFileReference; lastKnownFileType = wrapper.framework; name = Cocoa.framework; path = System/Library/Frameworks/Cocoa.framework; sourceTree = SDKROOT; };
		642147011BE8CD8800C6EEAA /* GLUT.framework */ = {isa = PBXFileReference; lastKnownFileType = wrapper.framework; name = GLUT.framework; path = System/Library/Frameworks/GLUT.framework; sourceTree = SDKROOT; };
		642147031BE8CEB200C6EEAA /* OpenGL.framework */ = {isa = PBXFileReference; lastKnownFileType = wrapper.framework; name = OpenGL.framework; path = System/Library/Frameworks/OpenGL.framework; sourceTree = SDKROOT; };
		642147421BEF154800C6EEAA /* MlddleLineProcess.cpp */ = {isa = PBXFileReference; fileEncoding = 4; lastKnownFileType = sourcecode.cpp.cpp; path = MlddleLineProcess.cpp; sourceTree = "<group>"; };
		642147431BEF154800C6EEAA /* MlddleLineProcess.hpp */ = {isa = PBXFileReference; fileEncoding = 4; lastKnownFileType = sourcecode.cpp.h; path = MlddleLineProcess.hpp; sourceTree = "<group>"; };
		642C76241C463F970041A426 /* Demo.cpp */ = {isa = PBXFileReference; fileEncoding = 4; lastKnownFileType = sourcecode.cpp.cpp; path = Demo.cpp; sourceTree = "<group>"; };
		642C76251C463F970041A426 /* Demo.hpp */ = {isa = PBXFileReference; fileEncoding = 4; lastKnownFileType = sourcecode.cpp.h; path = Demo.hpp; sourceTree = "<group>"; };
		6435CBE61BDDC6F300B4076B /* FitCurve.cpp */ = {isa = PBXFileReference; fileEncoding = 4; lastKnownFileType = sourcecode.cpp.cpp; path = FitCurve.cpp; sourceTree = "<group>"; };
		6435CBE71BDDC6F300B4076B /* FitCurve.hpp */ = {isa = PBXFileReference; fileEncoding = 4; lastKnownFileType = sourcecode.cpp.h; path = FitCurve.hpp; sourceTree = "<group>"; };
		6435CBEA1BDDC73400B4076B /* ImgProcess.cpp */ = {isa = PBXFileReference; fileEncoding = 4; lastKnownFileType = sourcecode.cpp.cpp; path = ImgProcess.cpp; sourceTree = "<group>"; };
		6435CBEB1BDDC73400B4076B /* ImgProcess.hpp */ = {isa = PBXFileReference; fileEncoding = 4; lastKnownFileType = sourcecode.cpp.h; path = ImgProcess.hpp; sourceTree = "<group>"; };
		64803D421BCB84F9007FF94B /* OpenCVTutorials */ = {isa = PBXFileReference; explicitFileType = "compiled.mach-o.executable"; includeInIndex = 0; path = OpenCVTutorials; sourceTree = BUILT_PRODUCTS_DIR; };
		64803D451BCB84F9007FF94B /* main.cpp */ = {isa = PBXFileReference; lastKnownFileType = sourcecode.cpp.cpp; path = main.cpp; sourceTree = "<group>"; };
		64803D4D1BCB8809007FF94B /* LJin-0.jpg */ = {isa = PBXFileReference; lastKnownFileType = image.jpeg; name = "LJin-0.jpg"; path = "../LJin-0.jpg"; sourceTree = "<group>"; };
		64A59D121C43735B008E8CFE /* ImageProcess.cpp */ = {isa = PBXFileReference; fileEncoding = 4; lastKnownFileType = sourcecode.cpp.cpp; path = ImageProcess.cpp; sourceTree = "<group>"; };
		64A59D131C43735B008E8CFE /* ImageProcess.hpp */ = {isa = PBXFileReference; fileEncoding = 4; lastKnownFileType = sourcecode.cpp.h; path = ImageProcess.hpp; sourceTree = "<group>"; };
		64B679D91C43BC2F00EFFD18 /* EdgeDetection.cpp */ = {isa = PBXFileReference; fileEncoding = 4; lastKnownFileType = sourcecode.cpp.cpp; path = EdgeDetection.cpp; sourceTree = "<group>"; };
		64B679DA1C43BC2F00EFFD18 /* EdgeDetection.hpp */ = {isa = PBXFileReference; fileEncoding = 4; lastKnownFileType = sourcecode.cpp.h; path = EdgeDetection.hpp; sourceTree = "<group>"; };
/* End PBXFileReference section */

/* Begin PBXFrameworksBuildPhase section */
		64803D3F1BCB84F9007FF94B /* Frameworks */ = {
			isa = PBXFrameworksBuildPhase;
			buildActionMask = 2147483647;
			files = (
				642147041BE8CEB200C6EEAA /* OpenGL.framework in Frameworks */,
				642147021BE8CD8800C6EEAA /* GLUT.framework in Frameworks */,
				642147001BE8CD7E00C6EEAA /* Cocoa.framework in Frameworks */,
			);
			runOnlyForDeploymentPostprocessing = 0;
		};
/* End PBXFrameworksBuildPhase section */

/* Begin PBXGroup section */
		642146FB1BE84BE500C6EEAA /* ThinningProcess */ = {
			isa = PBXGroup;
			children = (
				642146FC1BE84C0600C6EEAA /* ThinningProcess.cpp */,
				642146FD1BE84C0600C6EEAA /* ThinningProcess.hpp */,
			);
			name = ThinningProcess;
			sourceTree = "<group>";
		};
		642147411BEF152500C6EEAA /* MiddleLineProcess */ = {
			isa = PBXGroup;
			children = (
				642147421BEF154800C6EEAA /* MlddleLineProcess.cpp */,
				642147431BEF154800C6EEAA /* MlddleLineProcess.hpp */,
			);
			name = MiddleLineProcess;
			sourceTree = "<group>";
		};
		642C76231C463F7E0041A426 /* Demo */ = {
			isa = PBXGroup;
			children = (
				642C76241C463F970041A426 /* Demo.cpp */,
				642C76251C463F970041A426 /* Demo.hpp */,
			);
			name = Demo;
			sourceTree = "<group>";
		};
		6435CBE21BDDC56200B4076B /* FitCurve */ = {
			isa = PBXGroup;
			children = (
				6435CBE61BDDC6F300B4076B /* FitCurve.cpp */,
				6435CBE71BDDC6F300B4076B /* FitCurve.hpp */,
			);
			name = FitCurve;
			sourceTree = "<group>";
		};
		6435CBE91BDDC71900B4076B /* ImageProcess */ = {
			isa = PBXGroup;
			children = (
				6435CBEA1BDDC73400B4076B /* ImgProcess.cpp */,
				6435CBEB1BDDC73400B4076B /* ImgProcess.hpp */,
				64A59D121C43735B008E8CFE /* ImageProcess.cpp */,
				64A59D131C43735B008E8CFE /* ImageProcess.hpp */,
			);
			name = ImageProcess;
			sourceTree = "<group>";
		};
		64803D391BCB84F9007FF94B = {
			isa = PBXGroup;
			children = (
				642147031BE8CEB200C6EEAA /* OpenGL.framework */,
				642147011BE8CD8800C6EEAA /* GLUT.framework */,
				642146FF1BE8CD7E00C6EEAA /* Cocoa.framework */,
				64803D4E1BCB8937007FF94B /* images */,
				64803D441BCB84F9007FF94B /* OpenCVTutorials */,
				64803D431BCB84F9007FF94B /* Products */,
			);
			sourceTree = "<group>";
		};
		64803D431BCB84F9007FF94B /* Products */ = {
			isa = PBXGroup;
			children = (
				64803D421BCB84F9007FF94B /* OpenCVTutorials */,
			);
			name = Products;
			sourceTree = "<group>";
		};
		64803D441BCB84F9007FF94B /* OpenCVTutorials */ = {
			isa = PBXGroup;
			children = (
				642C76231C463F7E0041A426 /* Demo */,
				64B679D81C43BBF500EFFD18 /* EdgeDetection */,
				642147411BEF152500C6EEAA /* MiddleLineProcess */,
				642146FB1BE84BE500C6EEAA /* ThinningProcess */,
				6435CBE91BDDC71900B4076B /* ImageProcess */,
				6435CBE21BDDC56200B4076B /* FitCurve */,
				64803D451BCB84F9007FF94B /* main.cpp */,
				64803D4D1BCB8809007FF94B /* LJin-0.jpg */,
			);
			path = OpenCVTutorials;
			sourceTree = "<group>";
		};
		64803D4E1BCB8937007FF94B /* images */ = {
			isa = PBXGroup;
			children = (
			);
			name = images;
			sourceTree = "<group>";
		};
		64B679D81C43BBF500EFFD18 /* EdgeDetection */ = {
			isa = PBXGroup;
			children = (
				64B679D91C43BC2F00EFFD18 /* EdgeDetection.cpp */,
				64B679DA1C43BC2F00EFFD18 /* EdgeDetection.hpp */,
			);
			name = EdgeDetection;
			sourceTree = "<group>";
		};
/* End PBXGroup section */

/* Begin PBXNativeTarget section */
		64803D411BCB84F9007FF94B /* OpenCVTutorials */ = {
			isa = PBXNativeTarget;
			buildConfigurationList = 64803D491BCB84F9007FF94B /* Build configuration list for PBXNativeTarget "OpenCVTutorials" */;
			buildPhases = (
				64803D3E1BCB84F9007FF94B /* Sources */,
				64803D3F1BCB84F9007FF94B /* Frameworks */,
				64803D401BCB84F9007FF94B /* CopyFiles */,
			);
			buildRules = (
			);
			dependencies = (
			);
			name = OpenCVTutorials;
			productName = OpenCVTutorials;
			productReference = 64803D421BCB84F9007FF94B /* OpenCVTutorials */;
			productType = "com.apple.product-type.tool";
		};
/* End PBXNativeTarget section */

/* Begin PBXProject section */
		64803D3A1BCB84F9007FF94B /* Project object */ = {
			isa = PBXProject;
			attributes = {
				LastUpgradeCheck = 0700;
				ORGANIZATIONNAME = PeterLiu;
				TargetAttributes = {
					64803D411BCB84F9007FF94B = {
						CreatedOnToolsVersion = 7.0;
					};
				};
			};
			buildConfigurationList = 64803D3D1BCB84F9007FF94B /* Build configuration list for PBXProject "OpenCVTutorials" */;
			compatibilityVersion = "Xcode 3.2";
			developmentRegion = English;
			hasScannedForEncodings = 0;
			knownRegions = (
				en,
			);
			mainGroup = 64803D391BCB84F9007FF94B;
			productRefGroup = 64803D431BCB84F9007FF94B /* Products */;
			projectDirPath = "";
			projectRoot = "";
			targets = (
				64803D411BCB84F9007FF94B /* OpenCVTutorials */,
			);
		};
/* End PBXProject section */

/* Begin PBXSourcesBuildPhase section */
		64803D3E1BCB84F9007FF94B /* Sources */ = {
			isa = PBXSourcesBuildPhase;
			buildActionMask = 2147483647;
			files = (
				642147441BEF154800C6EEAA /* MlddleLineProcess.cpp in Sources */,
				64A59D141C43735B008E8CFE /* ImageProcess.cpp in Sources */,
				6435CBEC1BDDC73400B4076B /* ImgProcess.cpp in Sources */,
				64B679DB1C43BC2F00EFFD18 /* EdgeDetection.cpp in Sources */,
				64803D461BCB84F9007FF94B /* main.cpp in Sources */,
				642146FE1BE84C0600C6EEAA /* ThinningProcess.cpp in Sources */,
				642C76261C463F970041A426 /* Demo.cpp in Sources */,
				6435CBE81BDDC6F300B4076B /* FitCurve.cpp in Sources */,
			);
			runOnlyForDeploymentPostprocessing = 0;
		};
/* End PBXSourcesBuildPhase section */

/* Begin XCBuildConfiguration section */
		64803D471BCB84F9007FF94B /* Debug */ = {
			isa = XCBuildConfiguration;
			buildSettings = {
				ALWAYS_SEARCH_USER_PATHS = NO;
				CLANG_CXX_LANGUAGE_STANDARD = "gnu++0x";
				CLANG_CXX_LIBRARY = "libc++";
				CLANG_ENABLE_MODULES = YES;
				CLANG_ENABLE_OBJC_ARC = YES;
				CLANG_WARN_BOOL_CONVERSION = YES;
				CLANG_WARN_CONSTANT_CONVERSION = YES;
				CLANG_WARN_DIRECT_OBJC_ISA_USAGE = YES_ERROR;
				CLANG_WARN_EMPTY_BODY = YES;
				CLANG_WARN_ENUM_CONVERSION = YES;
				CLANG_WARN_INT_CONVERSION = YES;
				CLANG_WARN_OBJC_ROOT_CLASS = YES_ERROR;
				CLANG_WARN_UNREACHABLE_CODE = YES;
				CLANG_WARN__DUPLICATE_METHOD_MATCH = YES;
				COPY_PHASE_STRIP = NO;
				DEBUG_INFORMATION_FORMAT = dwarf;
				ENABLE_STRICT_OBJC_MSGSEND = YES;
				ENABLE_TESTABILITY = YES;
				GCC_C_LANGUAGE_STANDARD = gnu99;
				GCC_DYNAMIC_NO_PIC = NO;
				GCC_NO_COMMON_BLOCKS = YES;
				GCC_OPTIMIZATION_LEVEL = 0;
				GCC_PREPROCESSOR_DEFINITIONS = (
					"DEBUG=1",
					"$(inherited)",
				);
				GCC_WARN_64_TO_32_BIT_CONVERSION = YES;
				GCC_WARN_ABOUT_RETURN_TYPE = YES_ERROR;
				GCC_WARN_UNDECLARED_SELECTOR = YES;
				GCC_WARN_UNINITIALIZED_AUTOS = YES_AGGRESSIVE;
				GCC_WARN_UNUSED_FUNCTION = YES;
				GCC_WARN_UNUSED_VARIABLE = YES;
				MACOSX_DEPLOYMENT_TARGET = 10.10;
				MTL_ENABLE_DEBUG_INFO = YES;
				ONLY_ACTIVE_ARCH = YES;
				SDKROOT = macosx;
			};
			name = Debug;
		};
		64803D481BCB84F9007FF94B /* Release */ = {
			isa = XCBuildConfiguration;
			buildSettings = {
				ALWAYS_SEARCH_USER_PATHS = NO;
				CLANG_CXX_LANGUAGE_STANDARD = "gnu++0x";
				CLANG_CXX_LIBRARY = "libc++";
				CLANG_ENABLE_MODULES = YES;
				CLANG_ENABLE_OBJC_ARC = YES;
				CLANG_WARN_BOOL_CONVERSION = YES;
				CLANG_WARN_CONSTANT_CONVERSION = YES;
				CLANG_WARN_DIRECT_OBJC_ISA_USAGE = YES_ERROR;
				CLANG_WARN_EMPTY_BODY = YES;
				CLANG_WARN_ENUM_CONVERSION = YES;
				CLANG_WARN_INT_CONVERSION = YES;
				CLANG_WARN_OBJC_ROOT_CLASS = YES_ERROR;
				CLANG_WARN_UNREACHABLE_CODE = YES;
				CLANG_WARN__DUPLICATE_METHOD_MATCH = YES;
				COPY_PHASE_STRIP = NO;
				DEBUG_INFORMATION_FORMAT = "dwarf-with-dsym";
				ENABLE_NS_ASSERTIONS = NO;
				ENABLE_STRICT_OBJC_MSGSEND = YES;
				GCC_C_LANGUAGE_STANDARD = gnu99;
				GCC_NO_COMMON_BLOCKS = YES;
				GCC_WARN_64_TO_32_BIT_CONVERSION = YES;
				GCC_WARN_ABOUT_RETURN_TYPE = YES_ERROR;
				GCC_WARN_UNDECLARED_SELECTOR = YES;
				GCC_WARN_UNINITIALIZED_AUTOS = YES_AGGRESSIVE;
				GCC_WARN_UNUSED_FUNCTION = YES;
				GCC_WARN_UNUSED_VARIABLE = YES;
				MACOSX_DEPLOYMENT_TARGET = 10.10;
				MTL_ENABLE_DEBUG_INFO = NO;
				SDKROOT = macosx;
			};
			name = Release;
		};
		64803D4A1BCB84F9007FF94B /* Debug */ = {
			isa = XCBuildConfiguration;
			buildSettings = {
				HEADER_SEARCH_PATHS = /usr/local/include;
				LIBRARY_SEARCH_PATHS = /usr/local/lib;
				OTHER_LDFLAGS = (
					"-lopencv_calib3d",
					"-lopencv_core",
					"-lopencv_features2d",
					"-lopencv_flann",
					"-lopencv_highgui",
					"-lopencv_imgcodecs",
					"-lopencv_imgproc",
					"-lopencv_ml",
					"-lopencv_objdetect",
					"-lopencv_photo",
					"-lopencv_shape",
					"-lopencv_stitching",
					"-lopencv_superres",
					"-lopencv_ts",
					"-lopencv_video",
					"-lopencv_videoio",
					"-lopencv_videostab",
				);
				PRODUCT_NAME = "$(TARGET_NAME)";
			};
			name = Debug;
		};
		64803D4B1BCB84F9007FF94B /* Release */ = {
			isa = XCBuildConfiguration;
			buildSettings = {
				HEADER_SEARCH_PATHS = /usr/local/include;
				LIBRARY_SEARCH_PATHS = /usr/local/lib;
				OTHER_LDFLAGS = (
					"-lopencv_calib3d",
					"-lopencv_core",
					"-lopencv_features2d",
					"-lopencv_flann",
					"-lopencv_highgui",
					"-lopencv_imgcodecs",
					"-lopencv_imgproc",
					"-lopencv_ml",
					"-lopencv_objdetect",
					"-lopencv_photo",
					"-lopencv_shape",
					"-lopencv_stitching",
					"-lopencv_superres",
					"-lopencv_ts",
					"-lopencv_video",
					"-lopencv_videoio",
					"-lopencv_videostab",
				);
				PRODUCT_NAME = "$(TARGET_NAME)";
			};
			name = Release;
		};
/* End XCBuildConfiguration section */

/* Begin XCConfigurationList section */
		64803D3D1BCB84F9007FF94B /* Build configuration list for PBXProject "OpenCVTutorials" */ = {
			isa = XCConfigurationList;
			buildConfigurations = (
				64803D471BCB84F9007FF94B /* Debug */,
				64803D481BCB84F9007FF94B /* Release */,
			);
			defaultConfigurationIsVisible = 0;
			defaultConfigurationName = Release;
		};
		64803D491BCB84F9007FF94B /* Build configuration list for PBXNativeTarget "OpenCVTutorials" */ = {
			isa = XCConfigurationList;
			buildConfigurations = (
				64803D4A1BCB84F9007FF94B /* Debug */,
				64803D4B1BCB84F9007FF94B /* Release */,
			);
			defaultConfigurationIsVisible = 0;
			defaultConfigurationName = Release;
		};
/* End XCConfigurationList section */
	};
	rootObject = 64803D3A1BCB84F9007FF94B /* Project object */;
}
